
Microsoft Visual Studio Solution File, Format Version 12.00
# Visual Studio 14
VisualStudioVersion = 14.0.25420.1
MinimumVisualStudioVersion = 10.0.40219.1
Project("{FAE04EC0-301F-11D3-BF4B-00C04F79EFBC}") = "DLT", "DLT\DLT.csproj", "{4977B775-C46D-4F21-91CB-C29107273061}"
EndProject
Project("{FAE04EC0-301F-11D3-BF4B-00C04F79EFBC}") = "DLTLib", "..\wuxu\VMG\WCFTest\DLTLib\DLTLib.csproj", "{2AD0A19C-9A66-4B7D-AA71-9EFB7983BA74}"
EndProject
Project("{FAE04EC0-301F-11D3-BF4B-00C04F79EFBC}") = "WinForm", "WinForm\WinForm.csproj", "{940D9F61-214E-40C0-9127-80BA5250FA3B}"
EndProject
Project("{FAE04EC0-301F-11D3-BF4B-00C04F79EFBC}") = "DLTLIb_user", "DLTLIb_user\DLTLIb_user.csproj", "{22592F02-596B-4E02-A075-6787FDBCFCAA}"
EndProject
Global
	GlobalSection(SolutionConfigurationPlatforms) = preSolution
		Debug|Any CPU = Debug|Any CPU
		Release|Any CPU = Release|Any CPU
	EndGlobalSection
	GlobalSection(ProjectConfigurationPlatforms) = postSolution
		{4977B775-C46D-4F21-91CB-C29107273061}.Debug|Any CPU.ActiveCfg = Debug|Any CPU
		{4977B775-C46D-4F21-91CB-C29107273061}.Debug|Any CPU.Build.0 = Debug|Any CPU
		{4977B775-C46D-4F21-91CB-C29107273061}.Release|Any CPU.ActiveCfg = Release|Any CPU
		{4977B775-C46D-4F21-91CB-C29107273061}.Release|Any CPU.Build.0 = Release|Any CPU
		{2AD0A19C-9A66-4B7D-AA71-9EFB7983BA74}.Debug|Any CPU.ActiveCfg = Debug|Any CPU
		{2AD0A19C-9A66-4B7D-AA71-9EFB7983BA74}.Debug|Any CPU.Build.0 = Debug|Any CPU
		{2AD0A19C-9A66-4B7D-AA71-9EFB7983BA74}.Release|Any CPU.ActiveCfg = Release|Any CPU
		{2AD0A19C-9A66-4B7D-AA71-9EFB7983BA74}.Release|Any CPU.Build.0 = Release|Any CPU
		{940D9F61-214E-40C0-9127-80BA5250FA3B}.Debug|Any CPU.ActiveCfg = Debug|Any CPU
		{940D9F61-214E-40C0-9127-80BA5250FA3B}.Debug|Any CPU.Build.0 = Debug|Any CPU
		{940D9F61-214E-40C0-9127-80BA5250FA3B}.Release|Any CPU.ActiveCfg = Release|Any CPU
		{940D9F61-214E-40C0-9127-80BA5250FA3B}.Release|Any CPU.Build.0 = Release|Any CPU
		{22592F02-596B-4E02-A075-6787FDBCFCAA}.Debug|Any CPU.ActiveCfg = Debug|Any CPU
		{22592F02-596B-4E02-A075-6787FDBCFCAA}.Debug|Any CPU.Build.0 = Debug|Any CPU
		{22592F02-596B-4E02-A075-6787FDBCFCAA}.Release|Any CPU.ActiveCfg = Release|Any CPU
		{22592F02-596B-4E02-A075-6787FDBCFCAA}.Release|Any CPU.Build.0 = Release|Any CPU
	EndGlobalSection
	GlobalSection(SolutionProperties) = preSolution
		HideSolutionNode = FALSE
	EndGlobalSection
EndGlobal
